
Microsoft Visual Studio Solution File, Format Version 12.00
# Visual Studio Version 17
VisualStudioVersion = 17.3.32901.215
MinimumVisualStudioVersion = 10.0.40219.1
Project("{9A19103F-16F7-4668-BE54-9A1E7A4F7556}") = "PServer", "PServer.csproj", "{08868322-583B-49D1-9C86-7228602C5899}"
EndProject
Global
	GlobalSection(SolutionConfigurationPlatforms) = preSolution
		Debug|Any CPU = Debug|Any CPU
		Release|Any CPU = Release|Any CPU
	EndGlobalSection
	GlobalSection(ProjectConfigurationPlatforms) = postSolution
		{08868322-583B-49D1-9C86-7228602C5899}.Debug|Any CPU.ActiveCfg = Debug|Any CPU
		{08868322-583B-49D1-9C86-7228602C5899}.Debug|Any CPU.Build.0 = Debug|Any CPU
		{08868322-583B-49D1-9C86-7228602C5899}.Release|Any CPU.ActiveCfg = Release|Any CPU
		{08868322-583B-49D1-9C86-7228602C5899}.Release|Any CPU.Build.0 = Release|Any CPU
	EndGlobalSection
	GlobalSection(SolutionProperties) = preSolution
		HideSolutionNode = FALSE
	EndGlobalSection
	GlobalSection(ExtensibilityGlobals) = postSolution
		SolutionGuid = {8F54F0F2-3DE8-400E-B750-8841A1F54B6C}
	EndGlobalSection
EndGlobal
